
Microsoft Visual Studio Solution File, Format Version 12.00
# Visual Studio 2012
Project("{FAE04EC0-301F-11D3-BF4B-00C04F79EFBC}") = "WebUpLoderDemo", "WebUpLoderDemo\WebUpLoderDemo.csproj", "{D93A7A9B-9B49-4582-BDED-F68347D2F2BD}"
EndProject
Global
	GlobalSection(SolutionConfigurationPlatforms) = preSolution
		Debug|Any CPU = Debug|Any CPU
		Release|Any CPU = Release|Any CPU
	EndGlobalSection
	GlobalSection(ProjectConfigurationPlatforms) = postSolution
		{D93A7A9B-9B49-4582-BDED-F68347D2F2BD}.Debug|Any CPU.ActiveCfg = Debug|Any CPU
		{D93A7A9B-9B49-4582-BDED-F68347D2F2BD}.Debug|Any CPU.Build.0 = Debug|Any CPU
		{D93A7A9B-9B49-4582-BDED-F68347D2F2BD}.Release|Any CPU.ActiveCfg = Release|Any CPU
		{D93A7A9B-9B49-4582-BDED-F68347D2F2BD}.Release|Any CPU.Build.0 = Release|Any CPU
	EndGlobalSection
	GlobalSection(SolutionProperties) = preSolution
		HideSolutionNode = FALSE
	EndGlobalSection
EndGlobal
